
Microsoft Visual Studio Solution File, Format Version 12.00
# Visual Studio Version 17
VisualStudioVersion = 17.2.32516.85
MinimumVisualStudioVersion = 10.0.40219.1
Project("{9A19103F-16F7-4668-BE54-9A1E7A4F7556}") = "RandomStats", "RandomStats.csproj", "{B858D703-E811-4F0F-A4B5-7D19D3631752}"
EndProject
Global
	GlobalSection(SolutionConfigurationPlatforms) = preSolution
		Debug|Any CPU = Debug|Any CPU
		Release|Any CPU = Release|Any CPU
	EndGlobalSection
	GlobalSection(ProjectConfigurationPlatforms) = postSolution
		{B858D703-E811-4F0F-A4B5-7D19D3631752}.Debug|Any CPU.ActiveCfg = Debug|Any CPU
		{B858D703-E811-4F0F-A4B5-7D19D3631752}.Debug|Any CPU.Build.0 = Debug|Any CPU
		{B858D703-E811-4F0F-A4B5-7D19D3631752}.Release|Any CPU.ActiveCfg = Release|Any CPU
		{B858D703-E811-4F0F-A4B5-7D19D3631752}.Release|Any CPU.Build.0 = Release|Any CPU
	EndGlobalSection
	GlobalSection(SolutionProperties) = preSolution
		HideSolutionNode = FALSE
	EndGlobalSection
	GlobalSection(ExtensibilityGlobals) = postSolution
		SolutionGuid = {02A3E547-5933-45A1-81B2-F622294045ED}
	EndGlobalSection
EndGlobal
